
Microsoft Visual Studio Solution File, Format Version 12.00
# Visual Studio Version 17
VisualStudioVersion = 17.11.35327.3
MinimumVisualStudioVersion = 10.0.40219.1
Project("{FAE04EC0-301F-11D3-BF4B-00C04F79EFBC}") = "Modul6_Unite2", "Modul6_Unite2\Modul6_Unite2.csproj", "{1E51F321-8AAD-44A9-8389-16D1F01EEE80}"
EndProject
Global
	GlobalSection(SolutionConfigurationPlatforms) = preSolution
		Debug|Any CPU = Debug|Any CPU
		Release|Any CPU = Release|Any CPU
	EndGlobalSection
	GlobalSection(ProjectConfigurationPlatforms) = postSolution
		{1E51F321-8AAD-44A9-8389-16D1F01EEE80}.Debug|Any CPU.ActiveCfg = Debug|Any CPU
		{1E51F321-8AAD-44A9-8389-16D1F01EEE80}.Debug|Any CPU.Build.0 = Debug|Any CPU
		{1E51F321-8AAD-44A9-8389-16D1F01EEE80}.Release|Any CPU.ActiveCfg = Release|Any CPU
		{1E51F321-8AAD-44A9-8389-16D1F01EEE80}.Release|Any CPU.Build.0 = Release|Any CPU
	EndGlobalSection
	GlobalSection(SolutionProperties) = preSolution
		HideSolutionNode = FALSE
	EndGlobalSection
	GlobalSection(ExtensibilityGlobals) = postSolution
		SolutionGuid = {4FCF99C7-F13D-48B9-8AC2-78DE4BE93736}
	EndGlobalSection
EndGlobal
