
Microsoft Visual Studio Solution File, Format Version 12.00
# Visual Studio Version 17
VisualStudioVersion = 17.11.35327.3
MinimumVisualStudioVersion = 10.0.40219.1
Project("{FAE04EC0-301F-11D3-BF4B-00C04F79EFBC}") = "Modul2_Unite1", "Modul2_Unite1\Modul2_Unite1.csproj", "{F6295863-56EB-468E-BE00-436D7D781C24}"
EndProject
Global
	GlobalSection(SolutionConfigurationPlatforms) = preSolution
		Debug|Any CPU = Debug|Any CPU
		Release|Any CPU = Release|Any CPU
	EndGlobalSection
	GlobalSection(ProjectConfigurationPlatforms) = postSolution
		{F6295863-56EB-468E-BE00-436D7D781C24}.Debug|Any CPU.ActiveCfg = Debug|Any CPU
		{F6295863-56EB-468E-BE00-436D7D781C24}.Debug|Any CPU.Build.0 = Debug|Any CPU
		{F6295863-56EB-468E-BE00-436D7D781C24}.Release|Any CPU.ActiveCfg = Release|Any CPU
		{F6295863-56EB-468E-BE00-436D7D781C24}.Release|Any CPU.Build.0 = Release|Any CPU
	EndGlobalSection
	GlobalSection(SolutionProperties) = preSolution
		HideSolutionNode = FALSE
	EndGlobalSection
	GlobalSection(ExtensibilityGlobals) = postSolution
		SolutionGuid = {509A127D-0B05-4941-ADAB-4223713FE138}
	EndGlobalSection
EndGlobal
