
Microsoft Visual Studio Solution File, Format Version 12.00
# Visual Studio Version 17
VisualStudioVersion = 17.11.35327.3
MinimumVisualStudioVersion = 10.0.40219.1
Project("{FAE04EC0-301F-11D3-BF4B-00C04F79EFBC}") = "Modul4_unite1", "Modul4_unite1\Modul4_unite1.csproj", "{8FD52785-1FA8-4872-8E9F-F12EB317A480}"
EndProject
Global
	GlobalSection(SolutionConfigurationPlatforms) = preSolution
		Debug|Any CPU = Debug|Any CPU
		Release|Any CPU = Release|Any CPU
	EndGlobalSection
	GlobalSection(ProjectConfigurationPlatforms) = postSolution
		{8FD52785-1FA8-4872-8E9F-F12EB317A480}.Debug|Any CPU.ActiveCfg = Debug|Any CPU
		{8FD52785-1FA8-4872-8E9F-F12EB317A480}.Debug|Any CPU.Build.0 = Debug|Any CPU
		{8FD52785-1FA8-4872-8E9F-F12EB317A480}.Release|Any CPU.ActiveCfg = Release|Any CPU
		{8FD52785-1FA8-4872-8E9F-F12EB317A480}.Release|Any CPU.Build.0 = Release|Any CPU
	EndGlobalSection
	GlobalSection(SolutionProperties) = preSolution
		HideSolutionNode = FALSE
	EndGlobalSection
	GlobalSection(ExtensibilityGlobals) = postSolution
		SolutionGuid = {071169A2-F67D-446D-96C9-D3D54E303869}
	EndGlobalSection
EndGlobal
