
Microsoft Visual Studio Solution File, Format Version 12.00
# Visual Studio Version 17
VisualStudioVersion = 17.11.35327.3
MinimumVisualStudioVersion = 10.0.40219.1
Project("{FAE04EC0-301F-11D3-BF4B-00C04F79EFBC}") = "Modul6_Unite1", "Modul6_Unite1\Modul6_Unite1.csproj", "{F4DAE91F-E10E-4AA3-940B-8277DF7F44CC}"
EndProject
Global
	GlobalSection(SolutionConfigurationPlatforms) = preSolution
		Debug|Any CPU = Debug|Any CPU
		Release|Any CPU = Release|Any CPU
	EndGlobalSection
	GlobalSection(ProjectConfigurationPlatforms) = postSolution
		{F4DAE91F-E10E-4AA3-940B-8277DF7F44CC}.Debug|Any CPU.ActiveCfg = Debug|Any CPU
		{F4DAE91F-E10E-4AA3-940B-8277DF7F44CC}.Debug|Any CPU.Build.0 = Debug|Any CPU
		{F4DAE91F-E10E-4AA3-940B-8277DF7F44CC}.Release|Any CPU.ActiveCfg = Release|Any CPU
		{F4DAE91F-E10E-4AA3-940B-8277DF7F44CC}.Release|Any CPU.Build.0 = Release|Any CPU
	EndGlobalSection
	GlobalSection(SolutionProperties) = preSolution
		HideSolutionNode = FALSE
	EndGlobalSection
	GlobalSection(ExtensibilityGlobals) = postSolution
		SolutionGuid = {D3A443F0-002D-4610-8803-BCBB3B4C0848}
	EndGlobalSection
EndGlobal
