
Microsoft Visual Studio Solution File, Format Version 12.00
# Visual Studio Version 17
VisualStudioVersion = 17.11.35327.3
MinimumVisualStudioVersion = 10.0.40219.1
Project("{FAE04EC0-301F-11D3-BF4B-00C04F79EFBC}") = "Modul2_unite2", "Modul2_unite2\Modul2_unite2.csproj", "{AB0E3859-596E-49EE-8D2D-F68F94764E7F}"
EndProject
Global
	GlobalSection(SolutionConfigurationPlatforms) = preSolution
		Debug|Any CPU = Debug|Any CPU
		Release|Any CPU = Release|Any CPU
	EndGlobalSection
	GlobalSection(ProjectConfigurationPlatforms) = postSolution
		{AB0E3859-596E-49EE-8D2D-F68F94764E7F}.Debug|Any CPU.ActiveCfg = Debug|Any CPU
		{AB0E3859-596E-49EE-8D2D-F68F94764E7F}.Debug|Any CPU.Build.0 = Debug|Any CPU
		{AB0E3859-596E-49EE-8D2D-F68F94764E7F}.Release|Any CPU.ActiveCfg = Release|Any CPU
		{AB0E3859-596E-49EE-8D2D-F68F94764E7F}.Release|Any CPU.Build.0 = Release|Any CPU
	EndGlobalSection
	GlobalSection(SolutionProperties) = preSolution
		HideSolutionNode = FALSE
	EndGlobalSection
	GlobalSection(ExtensibilityGlobals) = postSolution
		SolutionGuid = {7F9488C2-BDFE-41A4-A93B-012356CB76CB}
	EndGlobalSection
EndGlobal
